
Microsoft Visual Studio Solution File, Format Version 12.00
# Visual Studio 2012
Project("{2150E333-8FDC-42A3-9474-1A3956D46DE8}") = "sct.cm", "sct.cm", "{C0B8D9EC-FDAB-4ECB-B494-07FF2C953B71}"
EndProject
Project("{2150E333-8FDC-42A3-9474-1A3956D46DE8}") = "sct.dto", "sct.dto", "{C1F0618E-304F-4561-8354-ACFBE64F1627}"
EndProject
Project("{2150E333-8FDC-42A3-9474-1A3956D46DE8}") = "sct.ent", "sct.ent", "{56380688-577B-4E05-83D2-B37D4BF79957}"
EndProject
Project("{2150E333-8FDC-42A3-9474-1A3956D46DE8}") = "sct.svc", "sct.svc", "{C22A8809-69ED-42C8-97AF-A7A6E11F618C}"
EndProject
Project("{2150E333-8FDC-42A3-9474-1A3956D46DE8}") = "sct.app", "sct.app", "{1392AB5D-7702-4E8E-A30C-27ED0BE67A1C}"
EndProject
Project("{FAE04EC0-301F-11D3-BF4B-00C04F79EFBC}") = "sct.dto.cms", "sct.dto\sct.dto.cms\sct.dto.cms.csproj", "{323CF839-2272-4944-97E7-971BCC8DED40}"
EndProject
Project("{FAE04EC0-301F-11D3-BF4B-00C04F79EFBC}") = "sct.ent.cms", "sct.ent\sct.ent.cms\sct.ent.cms.csproj", "{6FBB0E4E-C410-4D05-A66C-32A344F17E2B}"
EndProject
Project("{FAE04EC0-301F-11D3-BF4B-00C04F79EFBC}") = "sct.svc.cms", "sct.svc\sct.svc.cms\sct.svc.cms.csproj", "{B8185688-CCF4-4C05-A3BD-571E1469E516}"
EndProject
Project("{FAE04EC0-301F-11D3-BF4B-00C04F79EFBC}") = "sct.app.admin", "sct.app\sct.app.admin\sct.app.admin.csproj", "{E30866FD-A447-4AAB-ADB2-9D3F26A15F9B}"
EndProject
Project("{FAE04EC0-301F-11D3-BF4B-00C04F79EFBC}") = "sct.cm.util", "sct.cm\sct.cm.util\sct.cm.util.csproj", "{9814E87D-757C-4053-86C5-A94184287121}"
EndProject
Project("{FAE04EC0-301F-11D3-BF4B-00C04F79EFBC}") = "sct.svc.cms.imp", "sct.svc\sct.svc.cms.imp\sct.svc.cms.imp.csproj", "{F5FBB27E-D989-4B4A-8523-92EF0097E3B1}"
EndProject
Project("{FAE04EC0-301F-11D3-BF4B-00C04F79EFBC}") = "sct.cm.data", "sct.cm\sct.cm.data\sct.cm.data.csproj", "{2CB89931-C62C-4969-92A6-232BD4FD41B5}"
EndProject
Project("{2150E333-8FDC-42A3-9474-1A3956D46DE8}") = "sct.bll", "sct.bll", "{81968486-A827-4121-A1E7-A875F2E6D2F8}"
EndProject
Project("{FAE04EC0-301F-11D3-BF4B-00C04F79EFBC}") = "sct.bll.cms", "sct.bll\sct.bll.cms\sct.bll.cms.csproj", "{C40710FA-80A1-473D-BD37-FA707BEEB117}"
EndProject
Project("{FAE04EC0-301F-11D3-BF4B-00C04F79EFBC}") = "sct.bll.util", "sct.bll\sct.bll.util\sct.bll.util.csproj", "{9C4F3B3D-16CB-47C9-8F8A-22EF15C787AE}"
EndProject
Project("{FAE04EC0-301F-11D3-BF4B-00C04F79EFBC}") = "sct.ent.uc", "sct.ent\sct.ent.uc\sct.ent.uc.csproj", "{BC0FFFC3-082F-429A-B4C1-30478A8447F3}"
EndProject
Project("{FAE04EC0-301F-11D3-BF4B-00C04F79EFBC}") = "sct.dto.uc", "sct.dto\sct.dto.uc\sct.dto.uc.csproj", "{12FFEF0E-3755-462A-BEC1-DFB819C78842}"
EndProject
Project("{FAE04EC0-301F-11D3-BF4B-00C04F79EFBC}") = "sct.svc.uc", "sct.svc\sct.svc.uc\sct.svc.uc.csproj", "{58F8C08F-A1D6-4F60-9A84-7A647C74ADEC}"
EndProject
Project("{FAE04EC0-301F-11D3-BF4B-00C04F79EFBC}") = "sct.svc.uc.imp", "sct.svc\sct.svc.uc.imp\sct.svc.uc.imp.csproj", "{5D895AA0-61AB-4CB1-BEFF-471456372E3F}"
EndProject
Project("{FAE04EC0-301F-11D3-BF4B-00C04F79EFBC}") = "sct.bll.uc", "sct.bll\sct.bll.uc\sct.bll.uc.csproj", "{872B056F-9275-4A21-AAA6-897512615714}"
EndProject
Global
	GlobalSection(SolutionConfigurationPlatforms) = preSolution
		Debug|Any CPU = Debug|Any CPU
		Release|Any CPU = Release|Any CPU
	EndGlobalSection
	GlobalSection(ProjectConfigurationPlatforms) = postSolution
		{323CF839-2272-4944-97E7-971BCC8DED40}.Debug|Any CPU.ActiveCfg = Debug|Any CPU
		{323CF839-2272-4944-97E7-971BCC8DED40}.Debug|Any CPU.Build.0 = Debug|Any CPU
		{323CF839-2272-4944-97E7-971BCC8DED40}.Release|Any CPU.ActiveCfg = Release|Any CPU
		{323CF839-2272-4944-97E7-971BCC8DED40}.Release|Any CPU.Build.0 = Release|Any CPU
		{6FBB0E4E-C410-4D05-A66C-32A344F17E2B}.Debug|Any CPU.ActiveCfg = Debug|Any CPU
		{6FBB0E4E-C410-4D05-A66C-32A344F17E2B}.Debug|Any CPU.Build.0 = Debug|Any CPU
		{6FBB0E4E-C410-4D05-A66C-32A344F17E2B}.Release|Any CPU.ActiveCfg = Release|Any CPU
		{6FBB0E4E-C410-4D05-A66C-32A344F17E2B}.Release|Any CPU.Build.0 = Release|Any CPU
		{B8185688-CCF4-4C05-A3BD-571E1469E516}.Debug|Any CPU.ActiveCfg = Debug|Any CPU
		{B8185688-CCF4-4C05-A3BD-571E1469E516}.Debug|Any CPU.Build.0 = Debug|Any CPU
		{B8185688-CCF4-4C05-A3BD-571E1469E516}.Release|Any CPU.ActiveCfg = Release|Any CPU
		{B8185688-CCF4-4C05-A3BD-571E1469E516}.Release|Any CPU.Build.0 = Release|Any CPU
		{E30866FD-A447-4AAB-ADB2-9D3F26A15F9B}.Debug|Any CPU.ActiveCfg = Debug|Any CPU
		{E30866FD-A447-4AAB-ADB2-9D3F26A15F9B}.Debug|Any CPU.Build.0 = Debug|Any CPU
		{E30866FD-A447-4AAB-ADB2-9D3F26A15F9B}.Release|Any CPU.ActiveCfg = Release|Any CPU
		{E30866FD-A447-4AAB-ADB2-9D3F26A15F9B}.Release|Any CPU.Build.0 = Release|Any CPU
		{9814E87D-757C-4053-86C5-A94184287121}.Debug|Any CPU.ActiveCfg = Debug|Any CPU
		{9814E87D-757C-4053-86C5-A94184287121}.Debug|Any CPU.Build.0 = Debug|Any CPU
		{9814E87D-757C-4053-86C5-A94184287121}.Release|Any CPU.ActiveCfg = Release|Any CPU
		{9814E87D-757C-4053-86C5-A94184287121}.Release|Any CPU.Build.0 = Release|Any CPU
		{F5FBB27E-D989-4B4A-8523-92EF0097E3B1}.Debug|Any CPU.ActiveCfg = Debug|Any CPU
		{F5FBB27E-D989-4B4A-8523-92EF0097E3B1}.Debug|Any CPU.Build.0 = Debug|Any CPU
		{F5FBB27E-D989-4B4A-8523-92EF0097E3B1}.Release|Any CPU.ActiveCfg = Release|Any CPU
		{F5FBB27E-D989-4B4A-8523-92EF0097E3B1}.Release|Any CPU.Build.0 = Release|Any CPU
		{2CB89931-C62C-4969-92A6-232BD4FD41B5}.Debug|Any CPU.ActiveCfg = Debug|Any CPU
		{2CB89931-C62C-4969-92A6-232BD4FD41B5}.Debug|Any CPU.Build.0 = Debug|Any CPU
		{2CB89931-C62C-4969-92A6-232BD4FD41B5}.Release|Any CPU.ActiveCfg = Release|Any CPU
		{2CB89931-C62C-4969-92A6-232BD4FD41B5}.Release|Any CPU.Build.0 = Release|Any CPU
		{C40710FA-80A1-473D-BD37-FA707BEEB117}.Debug|Any CPU.ActiveCfg = Debug|Any CPU
		{C40710FA-80A1-473D-BD37-FA707BEEB117}.Debug|Any CPU.Build.0 = Debug|Any CPU
		{C40710FA-80A1-473D-BD37-FA707BEEB117}.Release|Any CPU.ActiveCfg = Release|Any CPU
		{C40710FA-80A1-473D-BD37-FA707BEEB117}.Release|Any CPU.Build.0 = Release|Any CPU
		{9C4F3B3D-16CB-47C9-8F8A-22EF15C787AE}.Debug|Any CPU.ActiveCfg = Debug|Any CPU
		{9C4F3B3D-16CB-47C9-8F8A-22EF15C787AE}.Debug|Any CPU.Build.0 = Debug|Any CPU
		{9C4F3B3D-16CB-47C9-8F8A-22EF15C787AE}.Release|Any CPU.ActiveCfg = Release|Any CPU
		{9C4F3B3D-16CB-47C9-8F8A-22EF15C787AE}.Release|Any CPU.Build.0 = Release|Any CPU
		{BC0FFFC3-082F-429A-B4C1-30478A8447F3}.Debug|Any CPU.ActiveCfg = Debug|Any CPU
		{BC0FFFC3-082F-429A-B4C1-30478A8447F3}.Debug|Any CPU.Build.0 = Debug|Any CPU
		{BC0FFFC3-082F-429A-B4C1-30478A8447F3}.Release|Any CPU.ActiveCfg = Release|Any CPU
		{BC0FFFC3-082F-429A-B4C1-30478A8447F3}.Release|Any CPU.Build.0 = Release|Any CPU
		{12FFEF0E-3755-462A-BEC1-DFB819C78842}.Debug|Any CPU.ActiveCfg = Debug|Any CPU
		{12FFEF0E-3755-462A-BEC1-DFB819C78842}.Debug|Any CPU.Build.0 = Debug|Any CPU
		{12FFEF0E-3755-462A-BEC1-DFB819C78842}.Release|Any CPU.ActiveCfg = Release|Any CPU
		{12FFEF0E-3755-462A-BEC1-DFB819C78842}.Release|Any CPU.Build.0 = Release|Any CPU
		{58F8C08F-A1D6-4F60-9A84-7A647C74ADEC}.Debug|Any CPU.ActiveCfg = Debug|Any CPU
		{58F8C08F-A1D6-4F60-9A84-7A647C74ADEC}.Debug|Any CPU.Build.0 = Debug|Any CPU
		{58F8C08F-A1D6-4F60-9A84-7A647C74ADEC}.Release|Any CPU.ActiveCfg = Release|Any CPU
		{58F8C08F-A1D6-4F60-9A84-7A647C74ADEC}.Release|Any CPU.Build.0 = Release|Any CPU
		{5D895AA0-61AB-4CB1-BEFF-471456372E3F}.Debug|Any CPU.ActiveCfg = Debug|Any CPU
		{5D895AA0-61AB-4CB1-BEFF-471456372E3F}.Debug|Any CPU.Build.0 = Debug|Any CPU
		{5D895AA0-61AB-4CB1-BEFF-471456372E3F}.Release|Any CPU.ActiveCfg = Release|Any CPU
		{5D895AA0-61AB-4CB1-BEFF-471456372E3F}.Release|Any CPU.Build.0 = Release|Any CPU
		{872B056F-9275-4A21-AAA6-897512615714}.Debug|Any CPU.ActiveCfg = Debug|Any CPU
		{872B056F-9275-4A21-AAA6-897512615714}.Debug|Any CPU.Build.0 = Debug|Any CPU
		{872B056F-9275-4A21-AAA6-897512615714}.Release|Any CPU.ActiveCfg = Release|Any CPU
		{872B056F-9275-4A21-AAA6-897512615714}.Release|Any CPU.Build.0 = Release|Any CPU
	EndGlobalSection
	GlobalSection(SolutionProperties) = preSolution
		HideSolutionNode = FALSE
	EndGlobalSection
	GlobalSection(NestedProjects) = preSolution
		{9814E87D-757C-4053-86C5-A94184287121} = {C0B8D9EC-FDAB-4ECB-B494-07FF2C953B71}
		{2CB89931-C62C-4969-92A6-232BD4FD41B5} = {C0B8D9EC-FDAB-4ECB-B494-07FF2C953B71}
		{323CF839-2272-4944-97E7-971BCC8DED40} = {C1F0618E-304F-4561-8354-ACFBE64F1627}
		{12FFEF0E-3755-462A-BEC1-DFB819C78842} = {C1F0618E-304F-4561-8354-ACFBE64F1627}
		{6FBB0E4E-C410-4D05-A66C-32A344F17E2B} = {56380688-577B-4E05-83D2-B37D4BF79957}
		{BC0FFFC3-082F-429A-B4C1-30478A8447F3} = {56380688-577B-4E05-83D2-B37D4BF79957}
		{B8185688-CCF4-4C05-A3BD-571E1469E516} = {C22A8809-69ED-42C8-97AF-A7A6E11F618C}
		{F5FBB27E-D989-4B4A-8523-92EF0097E3B1} = {C22A8809-69ED-42C8-97AF-A7A6E11F618C}
		{58F8C08F-A1D6-4F60-9A84-7A647C74ADEC} = {C22A8809-69ED-42C8-97AF-A7A6E11F618C}
		{5D895AA0-61AB-4CB1-BEFF-471456372E3F} = {C22A8809-69ED-42C8-97AF-A7A6E11F618C}
		{E30866FD-A447-4AAB-ADB2-9D3F26A15F9B} = {1392AB5D-7702-4E8E-A30C-27ED0BE67A1C}
		{C40710FA-80A1-473D-BD37-FA707BEEB117} = {81968486-A827-4121-A1E7-A875F2E6D2F8}
		{9C4F3B3D-16CB-47C9-8F8A-22EF15C787AE} = {81968486-A827-4121-A1E7-A875F2E6D2F8}
		{872B056F-9275-4A21-AAA6-897512615714} = {81968486-A827-4121-A1E7-A875F2E6D2F8}
	EndGlobalSection
EndGlobal
